PODS:
  - Flutter (1.0.0)
  - flutter_media_picker (0.0.1):
    - Flutter

DEPENDENCIES:
  - Flutter (from `.symlinks/flutter/ios-release`)
  - flutter_media_picker (from `.symlinks/plugins/flutter_media_picker/ios`)

EXTERNAL SOURCES:
  Flutter:
    :path: ".symlinks/flutter/ios-release"
  flutter_media_picker:
    :path: ".symlinks/plugins/flutter_media_picker/ios"

SPEC CHECKSUMS:
  Flutter: 9d0fac939486c9aba2809b7982dfdbb47a7b0296
  flutter_media_picker: 9f5ff2f11d99a16a88f90ab42374823b6ccdd2ea

PODFILE CHECKSUM: ebd43b443038e611b86ede96e613bd6033c49497

COCOAPODS: 1.5.0
